// !$*UTF8*$!
{
	archiveVersion = 1;
	classes = {
	};
	objectVersion = 60;
	objects = {

/* Begin PBXBuildFile section */
		15D7D69BF8B2FDA4724B641E /* GestureController.swift in Sources */ = {isa = PBXBuildFile; fileRef = B9CAC2A9CD4B0FEA70ACBFD3 /* GestureController.swift */; };
		4171B8789A6517AE67F1DB2E /* SignalingClient.swift in Sources */ = {isa = PBXBuildFile; fileRef = 73196B6425C747C3799A8A02 /* SignalingClient.swift */; };
		4FB7E619D21979BE11019ACE /* CursorState.swift in Sources */ = {isa = PBXBuildFile; fileRef = 4E7F68C6E73EC4DA568FB4D2 /* CursorState.swift */; };
		506F057F1C7FE305EF8FDE00 /* HostInfo.swift in Sources */ = {isa = PBXBuildFile; fileRef = 08481B818166A534DA1B52F5 /* HostInfo.swift */; };
		8763CD3E4EF268DE5D5AB5B7 /* BonjourBrowser.swift in Sources */ = {isa = PBXBuildFile; fileRef = 91ACCF01E80164347694C24B /* BonjourBrowser.swift */; };
		94FA90AA39622B435E23C96F /* VideoRenderView.swift in Sources */ = {isa = PBXBuildFile; fileRef = CC1771FF41114070B597A4C8 /* VideoRenderView.swift */; };
		98F092F4C992BAC21B6585DB /* HostListView.swift in Sources */ = {isa = PBXBuildFile; fileRef = 090490B2A8840AC0655C807A /* HostListView.swift */; };
		99C31AA77EDFCC236F6F9419 /* WebRTCClient.swift in Sources */ = {isa = PBXBuildFile; fileRef = 2FF0F7330D21B903B818C208 /* WebRTCClient.swift */; };
		9D2CF37127ABA582DE657038 /* RemoteSessionView.swift in Sources */ = {isa = PBXBuildFile; fileRef = 05659187A6C806C2448CD6F8 /* RemoteSessionView.swift */; };
		A185FDE394FB14FD8393EDDB /* SpecialKeyboardView.swift in Sources */ = {isa = PBXBuildFile; fileRef = 75D55A72893E4860DB9F1746 /* SpecialKeyboardView.swift */; };
		A628FFBF2ED9492B00B3862B /* Shared in Frameworks */ = {isa = PBXBuildFile; productRef = A628FFBE2ED9492B00B3862B /* Shared */; };
		A6619DDD2ED9DB28009AC307 /* WebRTC.xcframework in Frameworks */ = {isa = PBXBuildFile; fileRef = A628FFC02ED9496E00B3862B /* WebRTC.xcframework */; };
		A6619DDE2ED9DB28009AC307 /* WebRTC.xcframework in Embed Frameworks */ = {isa = PBXBuildFile; fileRef = A628FFC02ED9496E00B3862B /* WebRTC.xcframework */; settings = {ATTRIBUTES = (CodeSignOnCopy, RemoveHeadersOnCopy, ); }; };
		AEF095F8AB1446B7FF0C6F06 /* GestureOverlayView.swift in Sources */ = {isa = PBXBuildFile; fileRef = 1BAE286593A9EDF755C8A70C /* GestureOverlayView.swift */; };
		CA32F58E2781BC2B20EF5E20 /* ScreenToScreenApp.swift in Sources */ = {isa = PBXBuildFile; fileRef = 7B4434AC453BE80143F464D6 /* ScreenToScreenApp.swift */; };
		CC91DA4F1555CB7BA6FB3A85 /* Foundation.framework in Frameworks */ = {isa = PBXBuildFile; fileRef = 330B77CEDCD0A9B6AADE8DC6 /* Foundation.framework */; };
/* End PBXBuildFile section */

/* Begin PBXCopyFilesBuildPhase section */
		A6619DDF2ED9DB28009AC307 /* Embed Frameworks */ = {
			isa = PBXCopyFilesBuildPhase;
			buildActionMask = 2147483647;
			dstPath = "";
			dstSubfolderSpec = 10;
			files = (
				A6619DDE2ED9DB28009AC307 /* WebRTC.xcframework in Embed Frameworks */,
			);
			name = "Embed Frameworks";
			runOnlyForDeploymentPostprocessing = 0;
		};
/* End PBXCopyFilesBuildPhase section */

/* Begin PBXFileReference section */
		05659187A6C806C2448CD6F8 /* RemoteSessionView.swift */ = {isa = PBXFileReference; includeInIndex = 1; lastKnownFileType = sourcecode.swift; path = RemoteSessionView.swift; sourceTree = "<group>"; };
		08481B818166A534DA1B52F5 /* HostInfo.swift */ = {isa = PBXFileReference; includeInIndex = 1; lastKnownFileType = sourcecode.swift; path = HostInfo.swift; sourceTree = "<group>"; };
		090490B2A8840AC0655C807A /* HostListView.swift */ = {isa = PBXFileReference; includeInIndex = 1; lastKnownFileType = sourcecode.swift; path = HostListView.swift; sourceTree = "<group>"; };
		17B46F569E6F8623B5F9AE93 /* Info.plist */ = {isa = PBXFileReference; includeInIndex = 1; lastKnownFileType = text.plist.xml; name = Info.plist; path = Resources/Info.plist; sourceTree = "<group>"; };
		1BAE286593A9EDF755C8A70C /* GestureOverlayView.swift */ = {isa = PBXFileReference; includeInIndex = 1; lastKnownFileType = sourcecode.swift; path = GestureOverlayView.swift; sourceTree = "<group>"; };
		2FF0F7330D21B903B818C208 /* WebRTCClient.swift */ = {isa = PBXFileReference; includeInIndex = 1; lastKnownFileType = sourcecode.swift; path = WebRTCClient.swift; sourceTree = "<group>"; };
		330B77CEDCD0A9B6AADE8DC6 /* Foundation.framework */ = {isa = PBXFileReference; lastKnownFileType = wrapper.framework; name = Foundation.framework; path = Platforms/iPhoneOS.platform/Developer/SDKs/iPhoneOS18.0.sdk/System/Library/Frameworks/Foundation.framework; sourceTree = DEVELOPER_DIR; };
		4E7F68C6E73EC4DA568FB4D2 /* CursorState.swift */ = {isa = PBXFileReference; includeInIndex = 1; lastKnownFileType = sourcecode.swift; path = CursorState.swift; sourceTree = "<group>"; };
		697F9EE4A50D5FD74A294975 /* ScreenToScreenClient.app */ = {isa = PBXFileReference; explicitFileType = wrapper.application; includeInIndex = 0; path = ScreenToScreenClient.app; sourceTree = BUILT_PRODUCTS_DIR; };
		73196B6425C747C3799A8A02 /* SignalingClient.swift */ = {isa = PBXFileReference; includeInIndex = 1; lastKnownFileType = sourcecode.swift; path = SignalingClient.swift; sourceTree = "<group>"; };
		75D55A72893E4860DB9F1746 /* SpecialKeyboardView.swift */ = {isa = PBXFileReference; includeInIndex = 1; lastKnownFileType = sourcecode.swift; path = SpecialKeyboardView.swift; sourceTree = "<group>"; };
		7B4434AC453BE80143F464D6 /* ScreenToScreenApp.swift */ = {isa = PBXFileReference; includeInIndex = 1; lastKnownFileType = sourcecode.swift; path = ScreenToScreenApp.swift; sourceTree = "<group>"; };
		91ACCF01E80164347694C24B /* BonjourBrowser.swift */ = {isa = PBXFileReference; includeInIndex = 1; lastKnownFileType = sourcecode.swift; path = BonjourBrowser.swift; sourceTree = "<group>"; };
		A628FFC02ED9496E00B3862B /* WebRTC.xcframework */ = {isa = PBXFileReference; lastKnownFileType = wrapper.xcframework; name = WebRTC.xcframework; path = ../WebRTC/WebRTC.xcframework; sourceTree = "<group>"; };
		B9CAC2A9CD4B0FEA70ACBFD3 /* GestureController.swift */ = {isa = PBXFileReference; includeInIndex = 1; lastKnownFileType = sourcecode.swift; path = GestureController.swift; sourceTree = "<group>"; };
		CC1771FF41114070B597A4C8 /* VideoRenderView.swift */ = {isa = PBXFileReference; includeInIndex = 1; lastKnownFileType = sourcecode.swift; path = VideoRenderView.swift; sourceTree = "<group>"; };
/* End PBXFileReference section */

/* Begin PBXFrameworksBuildPhase section */
		B2F3BBD3D614EFA86B08DD64 /* Frameworks */ = {
			isa = PBXFrameworksBuildPhase;
			buildActionMask = 2147483647;
			files = (
				CC91DA4F1555CB7BA6FB3A85 /* Foundation.framework in Frameworks */,
				A628FFBF2ED9492B00B3862B /* Shared in Frameworks */,
				A6619DDD2ED9DB28009AC307 /* WebRTC.xcframework in Frameworks */,
			);
			runOnlyForDeploymentPostprocessing = 0;
		};
/* End PBXFrameworksBuildPhase section */

/* Begin PBXGroup section */
		0913E38434C7D11398529A6A /* Frameworks */ = {
			isa = PBXGroup;
			children = (
				A628FFC02ED9496E00B3862B /* WebRTC.xcframework */,
				36586C8B9B0F60E627A6B4AD /* iOS */,
			);
			name = Frameworks;
			sourceTree = "<group>";
		};
		095DF1BBFF713B62F1F1FEE8 /* Products */ = {
			isa = PBXGroup;
			children = (
				697F9EE4A50D5FD74A294975 /* ScreenToScreenClient.app */,
			);
			name = Products;
			sourceTree = "<group>";
		};
		1CB88B725C4DB51959578D00 /* Gestures */ = {
			isa = PBXGroup;
			children = (
				4E7F68C6E73EC4DA568FB4D2 /* CursorState.swift */,
				B9CAC2A9CD4B0FEA70ACBFD3 /* GestureController.swift */,
			);
			path = Gestures;
			sourceTree = "<group>";
		};
		36586C8B9B0F60E627A6B4AD /* iOS */ = {
			isa = PBXGroup;
			children = (
				330B77CEDCD0A9B6AADE8DC6 /* Foundation.framework */,
			);
			name = iOS;
			sourceTree = "<group>";
		};
		8C5C73626FBB788C3A79086B = {
			isa = PBXGroup;
			children = (
				095DF1BBFF713B62F1F1FEE8 /* Products */,
				0913E38434C7D11398529A6A /* Frameworks */,
				95F38A59EB17AA7E43D3318D /* Sources */,
				AD008D33817EAC9C55F27097 /* Resources */,
			);
			sourceTree = "<group>";
		};
		95F38A59EB17AA7E43D3318D /* Sources */ = {
			isa = PBXGroup;
			children = (
				A1BBA6CFD78DC0C1A6C5CC3A /* App */,
				FEA6C72B19BB15D6E0127CDC /* Views */,
				A67AFD0CC0589BA06F46D5B5 /* Services */,
				1CB88B725C4DB51959578D00 /* Gestures */,
				DF85B2C568EA104F9ED8FFBA /* Models */,
			);
			path = Sources;
			sourceTree = "<group>";
		};
		A1BBA6CFD78DC0C1A6C5CC3A /* App */ = {
			isa = PBXGroup;
			children = (
				7B4434AC453BE80143F464D6 /* ScreenToScreenApp.swift */,
			);
			path = App;
			sourceTree = "<group>";
		};
		A67AFD0CC0589BA06F46D5B5 /* Services */ = {
			isa = PBXGroup;
			children = (
				91ACCF01E80164347694C24B /* BonjourBrowser.swift */,
				73196B6425C747C3799A8A02 /* SignalingClient.swift */,
				2FF0F7330D21B903B818C208 /* WebRTCClient.swift */,
			);
			path = Services;
			sourceTree = "<group>";
		};
		AD008D33817EAC9C55F27097 /* Resources */ = {
			isa = PBXGroup;
			children = (
				17B46F569E6F8623B5F9AE93 /* Info.plist */,
			);
			name = Resources;
			sourceTree = "<group>";
		};
		DF85B2C568EA104F9ED8FFBA /* Models */ = {
			isa = PBXGroup;
			children = (
				08481B818166A534DA1B52F5 /* HostInfo.swift */,
			);
			path = Models;
			sourceTree = "<group>";
		};
		FEA6C72B19BB15D6E0127CDC /* Views */ = {
			isa = PBXGroup;
			children = (
				090490B2A8840AC0655C807A /* HostListView.swift */,
				05659187A6C806C2448CD6F8 /* RemoteSessionView.swift */,
				75D55A72893E4860DB9F1746 /* SpecialKeyboardView.swift */,
				CC1771FF41114070B597A4C8 /* VideoRenderView.swift */,
				1BAE286593A9EDF755C8A70C /* GestureOverlayView.swift */,
			);
			path = Views;
			sourceTree = "<group>";
		};
/* End PBXGroup section */

/* Begin PBXNativeTarget section */
		09ACA58A2D84A76732C1D61F /* ScreenToScreenClient */ = {
			isa = PBXNativeTarget;
			buildConfigurationList = D70A2AC6BBB2113CCA0915E8 /* Build configuration list for PBXNativeTarget "ScreenToScreenClient" */;
			buildPhases = (
				7D791492F2EF406413382772 /* Sources */,
				B2F3BBD3D614EFA86B08DD64 /* Frameworks */,
				33D35F2D0D9B624A091534F1 /* Resources */,
				A6619DDF2ED9DB28009AC307 /* Embed Frameworks */,
			);
			buildRules = (
			);
			dependencies = (
			);
			name = ScreenToScreenClient;
			productName = ScreenToScreenClient;
			productReference = 697F9EE4A50D5FD74A294975 /* ScreenToScreenClient.app */;
			productType = "com.apple.product-type.application";
		};
/* End PBXNativeTarget section */

/* Begin PBXProject section */
		4ECAB8155DC9250429ED15D3 /* Project object */ = {
			isa = PBXProject;
			attributes = {
				LastSwiftUpdateCheck = 1600;
				LastUpgradeCheck = 1600;
			};
			buildConfigurationList = 32D392994B81ECF7050C8359 /* Build configuration list for PBXProject "ScreenToScreenClient" */;
			compatibilityVersion = "Xcode 3.2";
			developmentRegion = en;
			hasScannedForEncodings = 0;
			knownRegions = (
				en,
				Base,
			);
			mainGroup = 8C5C73626FBB788C3A79086B;
			packageReferences = (
				A628FFBD2ED9492B00B3862B /* XCLocalSwiftPackageReference "../Shared" */,
			);
			productRefGroup = 095DF1BBFF713B62F1F1FEE8 /* Products */;
			projectDirPath = "";
			projectRoot = "";
			targets = (
				09ACA58A2D84A76732C1D61F /* ScreenToScreenClient */,
			);
		};
/* End PBXProject section */

/* Begin PBXResourcesBuildPhase section */
		33D35F2D0D9B624A091534F1 /* Resources */ = {
			isa = PBXResourcesBuildPhase;
			buildActionMask = 2147483647;
			files = (
			);
			runOnlyForDeploymentPostprocessing = 0;
		};
/* End PBXResourcesBuildPhase section */

/* Begin PBXSourcesBuildPhase section */
		7D791492F2EF406413382772 /* Sources */ = {
			isa = PBXSourcesBuildPhase;
			buildActionMask = 2147483647;
			files = (
				CA32F58E2781BC2B20EF5E20 /* ScreenToScreenApp.swift in Sources */,
				98F092F4C992BAC21B6585DB /* HostListView.swift in Sources */,
				8763CD3E4EF268DE5D5AB5B7 /* BonjourBrowser.swift in Sources */,
				4171B8789A6517AE67F1DB2E /* SignalingClient.swift in Sources */,
				99C31AA77EDFCC236F6F9419 /* WebRTCClient.swift in Sources */,
				9D2CF37127ABA582DE657038 /* RemoteSessionView.swift in Sources */,
				A185FDE394FB14FD8393EDDB /* SpecialKeyboardView.swift in Sources */,
				94FA90AA39622B435E23C96F /* VideoRenderView.swift in Sources */,
				AEF095F8AB1446B7FF0C6F06 /* GestureOverlayView.swift in Sources */,
				506F057F1C7FE305EF8FDE00 /* HostInfo.swift in Sources */,
				4FB7E619D21979BE11019ACE /* CursorState.swift in Sources */,
				15D7D69BF8B2FDA4724B641E /* GestureController.swift in Sources */,
			);
			runOnlyForDeploymentPostprocessing = 0;
		};
/* End PBXSourcesBuildPhase section */

/* Begin XCBuildConfiguration section */
		2059423ED5B597627A156BCA /* Release */ = {
			isa = XCBuildConfiguration;
			buildSettings = {
				ASSETCATALOG_COMPILER_APPICON_NAME = AppIcon;
				ASSETCATALOG_COMPILER_GLOBAL_ACCENT_COLOR_NAME = AccentColor;
				CLANG_ENABLE_OBJC_WEAK = NO;
				CODE_SIGN_STYLE = Automatic;
				CURRENT_PROJECT_VERSION = 1;
				DEVELOPMENT_TEAM = 2DM29VZ8ED;
				ENABLE_BITCODE = NO;
				GENERATE_INFOPLIST_FILE = NO;
				INFOPLIST_FILE = Resources/Info.plist;
				IPHONEOS_DEPLOYMENT_TARGET = 16.0;
				LD_RUNPATH_SEARCH_PATHS = (
					"$(inherited)",
					"@executable_path/Frameworks",
				);
				MARKETING_VERSION = 1.0;
				PRODUCT_BUNDLE_IDENTIFIER = com.screen2screen.client;
				PRODUCT_NAME = ScreenToScreenClient;
				SDKROOT = iphoneos;
				SWIFT_VERSION = 5.0;
				TARGETED_DEVICE_FAMILY = "1,2";
				VALIDATE_PRODUCT = YES;
			};
			name = Release;
		};
		2CEEA26778A3A6876D582DBA /* Debug */ = {
			isa = XCBuildConfiguration;
			buildSettings = {
				ALWAYS_SEARCH_USER_PATHS = NO;
				CLANG_ANALYZER_NONNULL = YES;
				CLANG_ANALYZER_NUMBER_OBJECT_CONVERSION = YES_AGGRESSIVE;
				CLANG_CXX_LANGUAGE_STANDARD = "gnu++14";
				CLANG_CXX_LIBRARY = "libc++";
				CLANG_ENABLE_MODULES = YES;
				CLANG_ENABLE_OBJC_ARC = YES;
				CLANG_ENABLE_OBJC_WEAK = YES;
				CLANG_WARN_BLOCK_CAPTURE_AUTORELEASING = YES;
				CLANG_WARN_BOOL_CONVERSION = YES;
				CLANG_WARN_COMMA = YES;
				CLANG_WARN_CONSTANT_CONVERSION = YES;
				CLANG_WARN_DEPRECATED_OBJC_IMPLEMENTATIONS = YES;
				CLANG_WARN_DIRECT_OBJC_ISA_USAGE = YES_ERROR;
				CLANG_WARN_DOCUMENTATION_COMMENTS = YES;
				CLANG_WARN_EMPTY_BODY = YES;
				CLANG_WARN_ENUM_CONVERSION = YES;
				CLANG_WARN_INFINITE_RECURSION = YES;
				CLANG_WARN_INT_CONVERSION = YES;
				CLANG_WARN_NON_LITERAL_NULL_CONVERSION = YES;
				CLANG_WARN_OBJC_IMPLICIT_RETAIN_SELF = YES;
				CLANG_WARN_OBJC_LITERAL_CONVERSION = YES;
				CLANG_WARN_OBJC_ROOT_CLASS = YES_ERROR;
				CLANG_WARN_QUOTED_INCLUDE_IN_FRAMEWORK_HEADER = YES;
				CLANG_WARN_RANGE_LOOP_ANALYSIS = YES;
				CLANG_WARN_STRICT_PROTOTYPES = YES;
				CLANG_WARN_SUSPICIOUS_MOVE = YES;
				CLANG_WARN_UNGUARDED_AVAILABILITY = YES_AGGRESSIVE;
				CLANG_WARN_UNREACHABLE_CODE = YES;
				CLANG_WARN__DUPLICATE_METHOD_MATCH = YES;
				COPY_PHASE_STRIP = NO;
				DEBUG_INFORMATION_FORMAT = dwarf;
				ENABLE_STRICT_OBJC_MSGSEND = YES;
				ENABLE_TESTABILITY = YES;
				GCC_C_LANGUAGE_STANDARD = gnu11;
				GCC_DYNAMIC_NO_PIC = NO;
				GCC_NO_COMMON_BLOCKS = YES;
				GCC_OPTIMIZATION_LEVEL = 0;
				GCC_PREPROCESSOR_DEFINITIONS = (
					"DEBUG=1",
					"$(inherited)",
				);
				GCC_WARN_64_TO_32_BIT_CONVERSION = YES;
				GCC_WARN_ABOUT_RETURN_TYPE = YES_ERROR;
				GCC_WARN_UNDECLARED_SELECTOR = YES;
				GCC_WARN_UNINITIALIZED_AUTOS = YES_AGGRESSIVE;
				GCC_WARN_UNUSED_FUNCTION = YES;
				GCC_WARN_UNUSED_VARIABLE = YES;
				MTL_ENABLE_DEBUG_INFO = INCLUDE_SOURCE;
				MTL_FAST_MATH = YES;
				ONLY_ACTIVE_ARCH = YES;
				PRODUCT_NAME = "$(TARGET_NAME)";
				SWIFT_ACTIVE_COMPILATION_CONDITIONS = DEBUG;
				SWIFT_OPTIMIZATION_LEVEL = "-Onone";
				SWIFT_VERSION = 5.0;
			};
			name = Debug;
		};
		43F919C77FEEAB1B3B58BEBD /* Release */ = {
			isa = XCBuildConfiguration;
			buildSettings = {
				ALWAYS_SEARCH_USER_PATHS = NO;
				CLANG_ANALYZER_NONNULL = YES;
				CLANG_ANALYZER_NUMBER_OBJECT_CONVERSION = YES_AGGRESSIVE;
				CLANG_CXX_LANGUAGE_STANDARD = "gnu++14";
				CLANG_CXX_LIBRARY = "libc++";
				CLANG_ENABLE_MODULES = YES;
				CLANG_ENABLE_OBJC_ARC = YES;
				CLANG_ENABLE_OBJC_WEAK = YES;
				CLANG_WARN_BLOCK_CAPTURE_AUTORELEASING = YES;
				CLANG_WARN_BOOL_CONVERSION = YES;
				CLANG_WARN_COMMA = YES;
				CLANG_WARN_CONSTANT_CONVERSION = YES;
				CLANG_WARN_DEPRECATED_OBJC_IMPLEMENTATIONS = YES;
				CLANG_WARN_DIRECT_OBJC_ISA_USAGE = YES_ERROR;
				CLANG_WARN_DOCUMENTATION_COMMENTS = YES;
				CLANG_WARN_EMPTY_BODY = YES;
				CLANG_WARN_ENUM_CONVERSION = YES;
				CLANG_WARN_INFINITE_RECURSION = YES;
				CLANG_WARN_INT_CONVERSION = YES;
				CLANG_WARN_NON_LITERAL_NULL_CONVERSION = YES;
				CLANG_WARN_OBJC_IMPLICIT_RETAIN_SELF = YES;
				CLANG_WARN_OBJC_LITERAL_CONVERSION = YES;
				CLANG_WARN_OBJC_ROOT_CLASS = YES_ERROR;
				CLANG_WARN_QUOTED_INCLUDE_IN_FRAMEWORK_HEADER = YES;
				CLANG_WARN_RANGE_LOOP_ANALYSIS = YES;
				CLANG_WARN_STRICT_PROTOTYPES = YES;
				CLANG_WARN_SUSPICIOUS_MOVE = YES;
				CLANG_WARN_UNGUARDED_AVAILABILITY = YES_AGGRESSIVE;
				CLANG_WARN_UNREACHABLE_CODE = YES;
				CLANG_WARN__DUPLICATE_METHOD_MATCH = YES;
				COPY_PHASE_STRIP = NO;
				DEBUG_INFORMATION_FORMAT = "dwarf-with-dsym";
				ENABLE_NS_ASSERTIONS = NO;
				ENABLE_STRICT_OBJC_MSGSEND = YES;
				GCC_C_LANGUAGE_STANDARD = gnu11;
				GCC_NO_COMMON_BLOCKS = YES;
				GCC_WARN_64_TO_32_BIT_CONVERSION = YES;
				GCC_WARN_ABOUT_RETURN_TYPE = YES_ERROR;
				GCC_WARN_UNDECLARED_SELECTOR = YES;
				GCC_WARN_UNINITIALIZED_AUTOS = YES_AGGRESSIVE;
				GCC_WARN_UNUSED_FUNCTION = YES;
				GCC_WARN_UNUSED_VARIABLE = YES;
				MTL_ENABLE_DEBUG_INFO = NO;
				MTL_FAST_MATH = YES;
				PRODUCT_NAME = "$(TARGET_NAME)";
				SWIFT_COMPILATION_MODE = wholemodule;
				SWIFT_OPTIMIZATION_LEVEL = "-O";
				SWIFT_VERSION = 5.0;
			};
			name = Release;
		};
		88AA785B221755AF97970626 /* Debug */ = {
			isa = XCBuildConfiguration;
			buildSettings = {
				ASSETCATALOG_COMPILER_APPICON_NAME = AppIcon;
				ASSETCATALOG_COMPILER_GLOBAL_ACCENT_COLOR_NAME = AccentColor;
				CLANG_ENABLE_OBJC_WEAK = NO;
				CODE_SIGN_STYLE = Automatic;
				CURRENT_PROJECT_VERSION = 1;
				DEVELOPMENT_TEAM = 2DM29VZ8ED;
				ENABLE_BITCODE = NO;
				GENERATE_INFOPLIST_FILE = NO;
				INFOPLIST_FILE = Resources/Info.plist;
				IPHONEOS_DEPLOYMENT_TARGET = 16.0;
				LD_RUNPATH_SEARCH_PATHS = (
					"$(inherited)",
					"@executable_path/Frameworks",
				);
				MARKETING_VERSION = 1.0;
				PRODUCT_BUNDLE_IDENTIFIER = com.screen2screen.client;
				PRODUCT_NAME = ScreenToScreenClient;
				SDKROOT = iphoneos;
				SWIFT_VERSION = 5.0;
				TARGETED_DEVICE_FAMILY = "1,2";
			};
			name = Debug;
		};
/* End XCBuildConfiguration section */

/* Begin XCConfigurationList section */
		32D392994B81ECF7050C8359 /* Build configuration list for PBXProject "ScreenToScreenClient" */ = {
			isa = XCConfigurationList;
			buildConfigurations = (
				2CEEA26778A3A6876D582DBA /* Debug */,
				43F919C77FEEAB1B3B58BEBD /* Release */,
			);
			defaultConfigurationIsVisible = 0;
			defaultConfigurationName = Release;
		};
		D70A2AC6BBB2113CCA0915E8 /* Build configuration list for PBXNativeTarget "ScreenToScreenClient" */ = {
			isa = XCConfigurationList;
			buildConfigurations = (
				2059423ED5B597627A156BCA /* Release */,
				88AA785B221755AF97970626 /* Debug */,
			);
			defaultConfigurationIsVisible = 0;
			defaultConfigurationName = Release;
		};
/* End XCConfigurationList section */

/* Begin XCLocalSwiftPackageReference section */
		A628FFBD2ED9492B00B3862B /* XCLocalSwiftPackageReference "../Shared" */ = {
			isa = XCLocalSwiftPackageReference;
			relativePath = ../Shared;
		};
/* End XCLocalSwiftPackageReference section */

/* Begin XCSwiftPackageProductDependency section */
		A628FFBE2ED9492B00B3862B /* Shared */ = {
			isa = XCSwiftPackageProductDependency;
			productName = Shared;
		};
/* End XCSwiftPackageProductDependency section */
	};
	rootObject = 4ECAB8155DC9250429ED15D3 /* Project object */;
}
